
Microsoft Visual Studio Solution File, Format Version 12.00
# Visual Studio Version 17
VisualStudioVersion = 17.6.33815.320
MinimumVisualStudioVersion = 10.0.40219.1
Project("{FAE04EC0-301F-11D3-BF4B-00C04F79EFBC}") = "ConsoleApp22", "ConsoleApp22.csproj", "{BDDF7C76-C734-4CA1-806C-90679111E4A5}"
EndProject
Global
	GlobalSection(SolutionConfigurationPlatforms) = preSolution
		Debug|Any CPU = Debug|Any CPU
		Release|Any CPU = Release|Any CPU
	EndGlobalSection
	GlobalSection(ProjectConfigurationPlatforms) = postSolution
		{BDDF7C76-C734-4CA1-806C-90679111E4A5}.Debug|Any CPU.ActiveCfg = Debug|Any CPU
		{BDDF7C76-C734-4CA1-806C-90679111E4A5}.Debug|Any CPU.Build.0 = Debug|Any CPU
		{BDDF7C76-C734-4CA1-806C-90679111E4A5}.Release|Any CPU.ActiveCfg = Release|Any CPU
		{BDDF7C76-C734-4CA1-806C-90679111E4A5}.Release|Any CPU.Build.0 = Release|Any CPU
	EndGlobalSection
	GlobalSection(SolutionProperties) = preSolution
		HideSolutionNode = FALSE
	EndGlobalSection
	GlobalSection(ExtensibilityGlobals) = postSolution
		SolutionGuid = {E4E87560-5D5B-466C-9793-83CE0F9353FA}
	EndGlobalSection
EndGlobal
